PODS:
  - SunSortMutableDictionary (0.6.0)

DEPENDENCIES:
  - SunSortMutableDictionary (from `../`)

EXTERNAL SOURCES:
  SunSortMutableDictionary:
    :path: ../

SPEC CHECKSUMS:
  SunSortMutableDictionary: 911507f382e31f4a47760778f980c9f575e94881

PODFILE CHECKSUM: 26f56c8c46f0bf8508e1e867c2e09a1dd7e49f0f

COCOAPODS: 1.1.0.rc.2
